
Microsoft Visual Studio Solution File, Format Version 12.00
# Visual Studio Version 17
VisualStudioVersion = 17.2.32616.157
MinimumVisualStudioVersion = 10.0.40219.1
Project("{FAE04EC0-301F-11D3-BF4B-00C04F79EFBC}") = "ParaDriver", "ParaDriver\ParaDriver.csproj", "{BCA8BE66-5D4A-480E-987E-B5F459AE1AA9}"
EndProject
Project("{FAE04EC0-301F-11D3-BF4B-00C04F79EFBC}") = "ParaChromeDriver.Tests", "ParaChromeDriver.Tests\ParaChromeDriver.Tests.csproj", "{570E8E9F-DAB3-4218-98DE-3A4F21C261B2}"
EndProject
Global
	GlobalSection(SolutionConfigurationPlatforms) = preSolution
		Debug|Any CPU = Debug|Any CPU
		Release|Any CPU = Release|Any CPU
	EndGlobalSection
	GlobalSection(ProjectConfigurationPlatforms) = postSolution
		{BCA8BE66-5D4A-480E-987E-B5F459AE1AA9}.Debug|Any CPU.ActiveCfg = Debug|Any CPU
		{BCA8BE66-5D4A-480E-987E-B5F459AE1AA9}.Debug|Any CPU.Build.0 = Debug|Any CPU
		{BCA8BE66-5D4A-480E-987E-B5F459AE1AA9}.Release|Any CPU.ActiveCfg = Release|Any CPU
		{BCA8BE66-5D4A-480E-987E-B5F459AE1AA9}.Release|Any CPU.Build.0 = Release|Any CPU
		{570E8E9F-DAB3-4218-98DE-3A4F21C261B2}.Debug|Any CPU.ActiveCfg = Debug|Any CPU
		{570E8E9F-DAB3-4218-98DE-3A4F21C261B2}.Debug|Any CPU.Build.0 = Debug|Any CPU
		{570E8E9F-DAB3-4218-98DE-3A4F21C261B2}.Release|Any CPU.ActiveCfg = Release|Any CPU
		{570E8E9F-DAB3-4218-98DE-3A4F21C261B2}.Release|Any CPU.Build.0 = Release|Any CPU
	EndGlobalSection
	GlobalSection(SolutionProperties) = preSolution
		HideSolutionNode = FALSE
	EndGlobalSection
	GlobalSection(ExtensibilityGlobals) = postSolution
		SolutionGuid = {7651DDFD-EC03-406A-BCD7-E12A63EE4678}
	EndGlobalSection
EndGlobal
